
Microsoft Visual Studio Solution File, Format Version 12.00
# Visual Studio Version 16
VisualStudioVersion = 16.0.31105.61
MinimumVisualStudioVersion = 10.0.40219.1
Project("{FAE04EC0-301F-11D3-BF4B-00C04F79EFBC}") = "Test11233333", "Test11233333.csproj", "{0C6A5D51-2177-49CD-8838-E015A55F1BD2}"
EndProject
Global
	GlobalSection(SolutionConfigurationPlatforms) = preSolution
		Debug|Any CPU = Debug|Any CPU
		Release|Any CPU = Release|Any CPU
	EndGlobalSection
	GlobalSection(ProjectConfigurationPlatforms) = postSolution
		{0C6A5D51-2177-49CD-8838-E015A55F1BD2}.Debug|Any CPU.ActiveCfg = Debug|Any CPU
		{0C6A5D51-2177-49CD-8838-E015A55F1BD2}.Debug|Any CPU.Build.0 = Debug|Any CPU
		{0C6A5D51-2177-49CD-8838-E015A55F1BD2}.Release|Any CPU.ActiveCfg = Release|Any CPU
		{0C6A5D51-2177-49CD-8838-E015A55F1BD2}.Release|Any CPU.Build.0 = Release|Any CPU
	EndGlobalSection
	GlobalSection(SolutionProperties) = preSolution
		HideSolutionNode = FALSE
	EndGlobalSection
	GlobalSection(ExtensibilityGlobals) = postSolution
		SolutionGuid = {6829716E-9EF4-4FC0-BC4A-ED56ACC5F2EE}
	EndGlobalSection
EndGlobal
